
Microsoft Visual Studio Solution File, Format Version 12.00
# Visual Studio Version 17
VisualStudioVersion = 17.11.35219.272
MinimumVisualStudioVersion = 10.0.40219.1
Project("{FAE04EC0-301F-11D3-BF4B-00C04F79EFBC}") = "Trabajo Steven", "Trabajo Steven\Trabajo Steven.csproj", "{DC7C5260-F068-436C-B539-676BE2A49A92}"
EndProject
Global
	GlobalSection(SolutionConfigurationPlatforms) = preSolution
		Debug|Any CPU = Debug|Any CPU
		Release|Any CPU = Release|Any CPU
	EndGlobalSection
	GlobalSection(ProjectConfigurationPlatforms) = postSolution
		{DC7C5260-F068-436C-B539-676BE2A49A92}.Debug|Any CPU.ActiveCfg = Debug|Any CPU
		{DC7C5260-F068-436C-B539-676BE2A49A92}.Debug|Any CPU.Build.0 = Debug|Any CPU
		{DC7C5260-F068-436C-B539-676BE2A49A92}.Release|Any CPU.ActiveCfg = Release|Any CPU
		{DC7C5260-F068-436C-B539-676BE2A49A92}.Release|Any CPU.Build.0 = Release|Any CPU
	EndGlobalSection
	GlobalSection(SolutionProperties) = preSolution
		HideSolutionNode = FALSE
	EndGlobalSection
	GlobalSection(ExtensibilityGlobals) = postSolution
		SolutionGuid = {54390F05-A73F-4056-93C5-09821C59F5B6}
	EndGlobalSection
EndGlobal
